
Microsoft Visual Studio Solution File, Format Version 12.00
# Visual Studio 14
VisualStudioVersion = 14.0.24720.0
MinimumVisualStudioVersion = 14.0.22823.1
Project("{2150E333-8FDC-42A3-9474-1A3956D46DE8}") = "Sample", "Sample", "{B8A193A0-0649-4A91-AD4C-DD87794D5836}"
EndProject
Project("{2150E333-8FDC-42A3-9474-1A3956D46DE8}") = "Framework", "Framework", "{2D2585B3-9047-41C0-BB5E-13342F1A6549}"
EndProject
Project("{2150E333-8FDC-42A3-9474-1A3956D46DE8}") = ".nuget", ".nuget", "{2117444C-2B0C-4A38-97C3-3AD52E936158}"
	ProjectSection(SolutionItems) = preProject
		.nuget\NuGet.Config = .nuget\NuGet.Config
		.nuget\NuGet.exe = .nuget\NuGet.exe
		.nuget\NuGet.targets = .nuget\NuGet.targets
	EndProjectSection
EndProject
Project("{8BB2217D-0F2D-49D1-97BC-3654ED321F3B}") = "CQRSLite", "Framework\CQRSlite\CQRSLite.xproj", "{35FC841C-31F5-4738-9F2A-8B0EB72A97F4}"
EndProject
Project("{8BB2217D-0F2D-49D1-97BC-3654ED321F3B}") = "CQRSlite.Tests.Extensions", "Framework\CQRSlite.Tests.Extensions\CQRSlite.Tests.Extensions.xproj", "{4BF354BC-5275-486D-867B-2CF41431AF15}"
EndProject
Project("{8BB2217D-0F2D-49D1-97BC-3654ED321F3B}") = "CQRSTests", "Sample\CQRSTests\CQRSTests.xproj", "{E2CA0C89-68CE-46B3-9001-6F39BA9A1A86}"
EndProject
Project("{8BB2217D-0F2D-49D1-97BC-3654ED321F3B}") = "CQRSlite.Tests", "Framework\CQRSlite.Tests\CQRSlite.Tests.xproj", "{2CAEE0B8-9272-4A4B-96C6-FA09F6F9747F}"
EndProject
Project("{8BB2217D-0F2D-49D1-97BC-3654ED321F3B}") = "CQRSCode", "Sample\CQRSCode\CQRSCode.xproj", "{43DD7E2A-5BD3-4937-B712-85A1344B16C0}"
EndProject
Project("{2150E333-8FDC-42A3-9474-1A3956D46DE8}") = "Solution Items", "Solution Items", "{7A3A8207-6E5E-49B1-BE2D-760F4EB7AC5D}"
	ProjectSection(SolutionItems) = preProject
		global.json = global.json
	EndProjectSection
EndProject
Project("{8BB2217D-0F2D-49D1-97BC-3654ED321F3B}") = "CQRSWeb", "Sample\CQRSWeb\CQRSWeb.xproj", "{FD2C775B-1B3D-4D3B-9C00-371890FD7C3D}"
EndProject
Global
	GlobalSection(SolutionConfigurationPlatforms) = preSolution
		Debug|Any CPU = Debug|Any CPU
		Release|Any CPU = Release|Any CPU
	EndGlobalSection
	GlobalSection(ProjectConfigurationPlatforms) = postSolution
		{35FC841C-31F5-4738-9F2A-8B0EB72A97F4}.Debug|Any CPU.ActiveCfg = Debug|Any CPU
		{35FC841C-31F5-4738-9F2A-8B0EB72A97F4}.Debug|Any CPU.Build.0 = Debug|Any CPU
		{35FC841C-31F5-4738-9F2A-8B0EB72A97F4}.Release|Any CPU.ActiveCfg = Release|Any CPU
		{35FC841C-31F5-4738-9F2A-8B0EB72A97F4}.Release|Any CPU.Build.0 = Release|Any CPU
		{4BF354BC-5275-486D-867B-2CF41431AF15}.Debug|Any CPU.ActiveCfg = Debug|Any CPU
		{4BF354BC-5275-486D-867B-2CF41431AF15}.Debug|Any CPU.Build.0 = Debug|Any CPU
		{4BF354BC-5275-486D-867B-2CF41431AF15}.Release|Any CPU.ActiveCfg = Release|Any CPU
		{4BF354BC-5275-486D-867B-2CF41431AF15}.Release|Any CPU.Build.0 = Release|Any CPU
		{E2CA0C89-68CE-46B3-9001-6F39BA9A1A86}.Debug|Any CPU.ActiveCfg = Debug|Any CPU
		{E2CA0C89-68CE-46B3-9001-6F39BA9A1A86}.Debug|Any CPU.Build.0 = Debug|Any CPU
		{E2CA0C89-68CE-46B3-9001-6F39BA9A1A86}.Release|Any CPU.ActiveCfg = Release|Any CPU
		{E2CA0C89-68CE-46B3-9001-6F39BA9A1A86}.Release|Any CPU.Build.0 = Release|Any CPU
		{2CAEE0B8-9272-4A4B-96C6-FA09F6F9747F}.Debug|Any CPU.ActiveCfg = Debug|Any CPU
		{2CAEE0B8-9272-4A4B-96C6-FA09F6F9747F}.Debug|Any CPU.Build.0 = Debug|Any CPU
		{2CAEE0B8-9272-4A4B-96C6-FA09F6F9747F}.Release|Any CPU.ActiveCfg = Release|Any CPU
		{2CAEE0B8-9272-4A4B-96C6-FA09F6F9747F}.Release|Any CPU.Build.0 = Release|Any CPU
		{43DD7E2A-5BD3-4937-B712-85A1344B16C0}.Debug|Any CPU.ActiveCfg = Debug|Any CPU
		{43DD7E2A-5BD3-4937-B712-85A1344B16C0}.Debug|Any CPU.Build.0 = Debug|Any CPU
		{43DD7E2A-5BD3-4937-B712-85A1344B16C0}.Release|Any CPU.ActiveCfg = Release|Any CPU
		{43DD7E2A-5BD3-4937-B712-85A1344B16C0}.Release|Any CPU.Build.0 = Release|Any CPU
		{FD2C775B-1B3D-4D3B-9C00-371890FD7C3D}.Debug|Any CPU.ActiveCfg = Debug|Any CPU
		{FD2C775B-1B3D-4D3B-9C00-371890FD7C3D}.Debug|Any CPU.Build.0 = Debug|Any CPU
		{FD2C775B-1B3D-4D3B-9C00-371890FD7C3D}.Release|Any CPU.ActiveCfg = Release|Any CPU
		{FD2C775B-1B3D-4D3B-9C00-371890FD7C3D}.Release|Any CPU.Build.0 = Release|Any CPU
	EndGlobalSection
	GlobalSection(SolutionProperties) = preSolution
		HideSolutionNode = FALSE
	EndGlobalSection
	GlobalSection(NestedProjects) = preSolution
		{35FC841C-31F5-4738-9F2A-8B0EB72A97F4} = {2D2585B3-9047-41C0-BB5E-13342F1A6549}
		{4BF354BC-5275-486D-867B-2CF41431AF15} = {2D2585B3-9047-41C0-BB5E-13342F1A6549}
		{E2CA0C89-68CE-46B3-9001-6F39BA9A1A86} = {B8A193A0-0649-4A91-AD4C-DD87794D5836}
		{2CAEE0B8-9272-4A4B-96C6-FA09F6F9747F} = {2D2585B3-9047-41C0-BB5E-13342F1A6549}
		{43DD7E2A-5BD3-4937-B712-85A1344B16C0} = {B8A193A0-0649-4A91-AD4C-DD87794D5836}
		{FD2C775B-1B3D-4D3B-9C00-371890FD7C3D} = {B8A193A0-0649-4A91-AD4C-DD87794D5836}
	EndGlobalSection
	GlobalSection(MonoDevelopProperties) = preSolution
		StartupItem = Sample\CQRSWeb\CQRSWeb.csproj
	EndGlobalSection
EndGlobal
